
Microsoft Visual Studio Solution File, Format Version 12.00
# Visual Studio Version 17
VisualStudioVersion = 17.0.31903.59
MinimumVisualStudioVersion = 10.0.40219.1
Project("{2150E333-8FDC-42A3-9474-1A3956D46DE8}") = "src", "src", "{36C3163B-F602-4602-8E30-5F869C757B2F}"
EndProject
Project("{FAE04EC0-301F-11D3-BF4B-00C04F79EFBC}") = "Blocks.API", "src\Blocks.API\Blocks.API.csproj", "{9114606A-1387-4C06-A1DA-BBE4A6D6537A}"
EndProject
Global
	GlobalSection(SolutionConfigurationPlatforms) = preSolution
		Debug|Any CPU = Debug|Any CPU
		Release|Any CPU = Release|Any CPU
	EndGlobalSection
	GlobalSection(SolutionProperties) = preSolution
		HideSolutionNode = FALSE
	EndGlobalSection
	GlobalSection(ProjectConfigurationPlatforms) = postSolution
		{9114606A-1387-4C06-A1DA-BBE4A6D6537A}.Debug|Any CPU.ActiveCfg = Debug|Any CPU
		{9114606A-1387-4C06-A1DA-BBE4A6D6537A}.Debug|Any CPU.Build.0 = Debug|Any CPU
		{9114606A-1387-4C06-A1DA-BBE4A6D6537A}.Release|Any CPU.ActiveCfg = Release|Any CPU
		{9114606A-1387-4C06-A1DA-BBE4A6D6537A}.Release|Any CPU.Build.0 = Release|Any CPU
		{1025EC7B-9DA8-414E-BD8C-ADFFED49ED45}.Debug|Any CPU.ActiveCfg = Debug|Any CPU
		{1025EC7B-9DA8-414E-BD8C-ADFFED49ED45}.Debug|Any CPU.Build.0 = Debug|Any CPU
		{1025EC7B-9DA8-414E-BD8C-ADFFED49ED45}.Release|Any CPU.ActiveCfg = Release|Any CPU
		{1025EC7B-9DA8-414E-BD8C-ADFFED49ED45}.Release|Any CPU.Build.0 = Release|Any CPU
	EndGlobalSection
	GlobalSection(NestedProjects) = preSolution
		{9114606A-1387-4C06-A1DA-BBE4A6D6537A} = {36C3163B-F602-4602-8E30-5F869C757B2F}
		{1025EC7B-9DA8-414E-BD8C-ADFFED49ED45} = {AFA75BEF-EE05-4AAC-AB3F-32E8BACC7BCD}
	EndGlobalSection
EndGlobal
